
Microsoft Visual Studio Solution File, Format Version 12.00
# Visual Studio Version 16
VisualStudioVersion = 16.0.30011.22
MinimumVisualStudioVersion = 10.0.40219.1
Project("{2150E333-8FDC-42A3-9474-1A3956D46DE8}") = "src", "src", "{3534F314-74B2-4E23-BEE3-CBC1F041DE1D}"
EndProject
Project("{9A19103F-16F7-4668-BE54-9A1E7A4F7556}") = "BackOfficeBase.Domain", "src\BackOfficeBase.Domain\BackOfficeBase.Domain.csproj", "{D465B77D-7B9E-49FC-AE3A-26D7519E010B}"
EndProject
Project("{9A19103F-16F7-4668-BE54-9A1E7A4F7556}") = "BackOfficeBase.DataAccess", "src\BackOfficeBase.DataAccess\BackOfficeBase.DataAccess.csproj", "{6BE88927-1398-4568-801B-220472A5B2FC}"
EndProject
Project("{9A19103F-16F7-4668-BE54-9A1E7A4F7556}") = "BackOfficeBase.Application", "src\BackOfficeBase.Application\BackOfficeBase.Application.csproj", "{BEADCFED-C53C-4480-B17E-F57E1B65D454}"
EndProject
Project("{2150E333-8FDC-42A3-9474-1A3956D46DE8}") = "test", "test", "{BAB9268B-0CF9-43DF-9275-4CCECC40179C}"
EndProject
Project("{9A19103F-16F7-4668-BE54-9A1E7A4F7556}") = "BackOfficeBase.Tests.Shared", "test\BackOfficeBase.Tests.Shared\BackOfficeBase.Tests.Shared.csproj", "{728F5994-5821-4BC3-811E-6D3BE213DACC}"
EndProject
Project("{9A19103F-16F7-4668-BE54-9A1E7A4F7556}") = "BackOfficeBase.Tests.Application", "test\BackOfficeBase.Tests.Application\BackOfficeBase.Tests.Application.csproj", "{3965873F-98ED-4DF6-9FF4-668C6528DE2A}"
EndProject
Project("{9A19103F-16F7-4668-BE54-9A1E7A4F7556}") = "BackOfficeBase.Utilities", "src\BackOfficeBase.Utilities\BackOfficeBase.Utilities.csproj", "{50D0EDAB-6BD3-4B70-960A-A94598438BF7}"
EndProject
Project("{9A19103F-16F7-4668-BE54-9A1E7A4F7556}") = "BackOfficeBase.Web.Api", "src\BackOfficeBase.Web.Api\BackOfficeBase.Web.Api.csproj", "{A783EBE5-0D6A-47F4-B971-B4FE84D43AB6}"
EndProject
Project("{9A19103F-16F7-4668-BE54-9A1E7A4F7556}") = "BackOfficeBase.Web.Core", "src\BackOfficeBase.Web.Core\BackOfficeBase.Web.Core.csproj", "{791D5FBA-E15B-4040-9BD9-C963EBFD5D77}"
EndProject
Project("{2150E333-8FDC-42A3-9474-1A3956D46DE8}") = "modules", "modules", "{8AF30262-23A6-4D30-B798-313B9073E574}"
EndProject
Project("{9A19103F-16F7-4668-BE54-9A1E7A4F7556}") = "BackOfficeBase.Modules.Authentication", "src\modules\BackOfficeBase.Modules.Authentication\BackOfficeBase.Modules.Authentication.csproj", "{3B2B0EEF-6CBE-45E2-8D54-51E348F25011}"
EndProject
Project("{9A19103F-16F7-4668-BE54-9A1E7A4F7556}") = "BackOfficeBase.Tests.DataAccess", "test\BackOfficeBase.Tests.DataAccess\BackOfficeBase.Tests.DataAccess.csproj", "{77F33D05-B415-40AA-BF03-268DE8B266BE}"
EndProject
Project("{9A19103F-16F7-4668-BE54-9A1E7A4F7556}") = "BackOfficeBase.Tests.Web.Core", "test\BackOfficeBase.Tests.Web.Core\BackOfficeBase.Tests.Web.Core.csproj", "{EC32D736-C3F0-4E65-A998-15499961E58B}"
EndProject
Project("{9A19103F-16F7-4668-BE54-9A1E7A4F7556}") = "BackOfficeBase.Tests.Web.Api", "test\BackOfficeBase.Tests.Web.Api\BackOfficeBase.Tests.Web.Api.csproj", "{0D4C6BB0-1927-418B-A12B-F6BA4252A4AB}"
EndProject
Project("{9A19103F-16F7-4668-BE54-9A1E7A4F7556}") = "BackOfficeBase.Tests.Utilities", "test\BackOfficeBase.Tests.Utilities\BackOfficeBase.Tests.Utilities.csproj", "{63020224-BCEF-4CB9-9DB0-6CDE7C2A5E18}"
EndProject
Project("{9A19103F-16F7-4668-BE54-9A1E7A4F7556}") = "BackOfficeBase.Modules.Authorization", "src\modules\BackOfficeBase.Modules.Authorization\BackOfficeBase.Modules.Authorization.csproj", "{8B2D7DC2-FE1A-4F0D-936A-4CD35BDB5DE9}"
EndProject
Project("{FAE04EC0-301F-11D3-BF4B-00C04F79EFBC}") = "BackOfficeBase.Modules.Core", "src\modules\BackOfficeBase.Modules.Core\BackOfficeBase.Modules.Core.csproj", "{A8314B9B-0A89-45BD-AFDE-D343AF60CB01}"
EndProject
Global
	GlobalSection(SolutionConfigurationPlatforms) = preSolution
		Debug|Any CPU = Debug|Any CPU
		Release|Any CPU = Release|Any CPU
	EndGlobalSection
	GlobalSection(ProjectConfigurationPlatforms) = postSolution
		{D465B77D-7B9E-49FC-AE3A-26D7519E010B}.Debug|Any CPU.ActiveCfg = Debug|Any CPU
		{D465B77D-7B9E-49FC-AE3A-26D7519E010B}.Debug|Any CPU.Build.0 = Debug|Any CPU
		{D465B77D-7B9E-49FC-AE3A-26D7519E010B}.Release|Any CPU.ActiveCfg = Release|Any CPU
		{D465B77D-7B9E-49FC-AE3A-26D7519E010B}.Release|Any CPU.Build.0 = Release|Any CPU
		{6BE88927-1398-4568-801B-220472A5B2FC}.Debug|Any CPU.ActiveCfg = Debug|Any CPU
		{6BE88927-1398-4568-801B-220472A5B2FC}.Debug|Any CPU.Build.0 = Debug|Any CPU
		{6BE88927-1398-4568-801B-220472A5B2FC}.Release|Any CPU.ActiveCfg = Release|Any CPU
		{6BE88927-1398-4568-801B-220472A5B2FC}.Release|Any CPU.Build.0 = Release|Any CPU
		{BEADCFED-C53C-4480-B17E-F57E1B65D454}.Debug|Any CPU.ActiveCfg = Debug|Any CPU
		{BEADCFED-C53C-4480-B17E-F57E1B65D454}.Debug|Any CPU.Build.0 = Debug|Any CPU
		{BEADCFED-C53C-4480-B17E-F57E1B65D454}.Release|Any CPU.ActiveCfg = Release|Any CPU
		{BEADCFED-C53C-4480-B17E-F57E1B65D454}.Release|Any CPU.Build.0 = Release|Any CPU
		{728F5994-5821-4BC3-811E-6D3BE213DACC}.Debug|Any CPU.ActiveCfg = Debug|Any CPU
		{728F5994-5821-4BC3-811E-6D3BE213DACC}.Debug|Any CPU.Build.0 = Debug|Any CPU
		{728F5994-5821-4BC3-811E-6D3BE213DACC}.Release|Any CPU.ActiveCfg = Release|Any CPU
		{728F5994-5821-4BC3-811E-6D3BE213DACC}.Release|Any CPU.Build.0 = Release|Any CPU
		{3965873F-98ED-4DF6-9FF4-668C6528DE2A}.Debug|Any CPU.ActiveCfg = Debug|Any CPU
		{3965873F-98ED-4DF6-9FF4-668C6528DE2A}.Debug|Any CPU.Build.0 = Debug|Any CPU
		{3965873F-98ED-4DF6-9FF4-668C6528DE2A}.Release|Any CPU.ActiveCfg = Release|Any CPU
		{3965873F-98ED-4DF6-9FF4-668C6528DE2A}.Release|Any CPU.Build.0 = Release|Any CPU
		{50D0EDAB-6BD3-4B70-960A-A94598438BF7}.Debug|Any CPU.ActiveCfg = Debug|Any CPU
		{50D0EDAB-6BD3-4B70-960A-A94598438BF7}.Debug|Any CPU.Build.0 = Debug|Any CPU
		{50D0EDAB-6BD3-4B70-960A-A94598438BF7}.Release|Any CPU.ActiveCfg = Release|Any CPU
		{50D0EDAB-6BD3-4B70-960A-A94598438BF7}.Release|Any CPU.Build.0 = Release|Any CPU
		{A783EBE5-0D6A-47F4-B971-B4FE84D43AB6}.Debug|Any CPU.ActiveCfg = Debug|Any CPU
		{A783EBE5-0D6A-47F4-B971-B4FE84D43AB6}.Debug|Any CPU.Build.0 = Debug|Any CPU
		{A783EBE5-0D6A-47F4-B971-B4FE84D43AB6}.Release|Any CPU.ActiveCfg = Release|Any CPU
		{A783EBE5-0D6A-47F4-B971-B4FE84D43AB6}.Release|Any CPU.Build.0 = Release|Any CPU
		{791D5FBA-E15B-4040-9BD9-C963EBFD5D77}.Debug|Any CPU.ActiveCfg = Debug|Any CPU
		{791D5FBA-E15B-4040-9BD9-C963EBFD5D77}.Debug|Any CPU.Build.0 = Debug|Any CPU
		{791D5FBA-E15B-4040-9BD9-C963EBFD5D77}.Release|Any CPU.ActiveCfg = Release|Any CPU
		{791D5FBA-E15B-4040-9BD9-C963EBFD5D77}.Release|Any CPU.Build.0 = Release|Any CPU
		{3B2B0EEF-6CBE-45E2-8D54-51E348F25011}.Debug|Any CPU.ActiveCfg = Debug|Any CPU
		{3B2B0EEF-6CBE-45E2-8D54-51E348F25011}.Debug|Any CPU.Build.0 = Debug|Any CPU
		{3B2B0EEF-6CBE-45E2-8D54-51E348F25011}.Release|Any CPU.ActiveCfg = Release|Any CPU
		{3B2B0EEF-6CBE-45E2-8D54-51E348F25011}.Release|Any CPU.Build.0 = Release|Any CPU
		{77F33D05-B415-40AA-BF03-268DE8B266BE}.Debug|Any CPU.ActiveCfg = Debug|Any CPU
		{77F33D05-B415-40AA-BF03-268DE8B266BE}.Debug|Any CPU.Build.0 = Debug|Any CPU
		{77F33D05-B415-40AA-BF03-268DE8B266BE}.Release|Any CPU.ActiveCfg = Release|Any CPU
		{77F33D05-B415-40AA-BF03-268DE8B266BE}.Release|Any CPU.Build.0 = Release|Any CPU
		{EC32D736-C3F0-4E65-A998-15499961E58B}.Debug|Any CPU.ActiveCfg = Debug|Any CPU
		{EC32D736-C3F0-4E65-A998-15499961E58B}.Debug|Any CPU.Build.0 = Debug|Any CPU
		{EC32D736-C3F0-4E65-A998-15499961E58B}.Release|Any CPU.ActiveCfg = Release|Any CPU
		{EC32D736-C3F0-4E65-A998-15499961E58B}.Release|Any CPU.Build.0 = Release|Any CPU
		{0D4C6BB0-1927-418B-A12B-F6BA4252A4AB}.Debug|Any CPU.ActiveCfg = Debug|Any CPU
		{0D4C6BB0-1927-418B-A12B-F6BA4252A4AB}.Debug|Any CPU.Build.0 = Debug|Any CPU
		{0D4C6BB0-1927-418B-A12B-F6BA4252A4AB}.Release|Any CPU.ActiveCfg = Release|Any CPU
		{0D4C6BB0-1927-418B-A12B-F6BA4252A4AB}.Release|Any CPU.Build.0 = Release|Any CPU
		{63020224-BCEF-4CB9-9DB0-6CDE7C2A5E18}.Debug|Any CPU.ActiveCfg = Debug|Any CPU
		{63020224-BCEF-4CB9-9DB0-6CDE7C2A5E18}.Debug|Any CPU.Build.0 = Debug|Any CPU
		{63020224-BCEF-4CB9-9DB0-6CDE7C2A5E18}.Release|Any CPU.ActiveCfg = Release|Any CPU
		{63020224-BCEF-4CB9-9DB0-6CDE7C2A5E18}.Release|Any CPU.Build.0 = Release|Any CPU
		{8B2D7DC2-FE1A-4F0D-936A-4CD35BDB5DE9}.Debug|Any CPU.ActiveCfg = Debug|Any CPU
		{8B2D7DC2-FE1A-4F0D-936A-4CD35BDB5DE9}.Debug|Any CPU.Build.0 = Debug|Any CPU
		{8B2D7DC2-FE1A-4F0D-936A-4CD35BDB5DE9}.Release|Any CPU.ActiveCfg = Release|Any CPU
		{8B2D7DC2-FE1A-4F0D-936A-4CD35BDB5DE9}.Release|Any CPU.Build.0 = Release|Any CPU
		{A8314B9B-0A89-45BD-AFDE-D343AF60CB01}.Debug|Any CPU.ActiveCfg = Debug|Any CPU
		{A8314B9B-0A89-45BD-AFDE-D343AF60CB01}.Debug|Any CPU.Build.0 = Debug|Any CPU
		{A8314B9B-0A89-45BD-AFDE-D343AF60CB01}.Release|Any CPU.ActiveCfg = Release|Any CPU
		{A8314B9B-0A89-45BD-AFDE-D343AF60CB01}.Release|Any CPU.Build.0 = Release|Any CPU
	EndGlobalSection
	GlobalSection(SolutionProperties) = preSolution
		HideSolutionNode = FALSE
	EndGlobalSection
	GlobalSection(NestedProjects) = preSolution
		{D465B77D-7B9E-49FC-AE3A-26D7519E010B} = {3534F314-74B2-4E23-BEE3-CBC1F041DE1D}
		{6BE88927-1398-4568-801B-220472A5B2FC} = {3534F314-74B2-4E23-BEE3-CBC1F041DE1D}
		{BEADCFED-C53C-4480-B17E-F57E1B65D454} = {3534F314-74B2-4E23-BEE3-CBC1F041DE1D}
		{728F5994-5821-4BC3-811E-6D3BE213DACC} = {BAB9268B-0CF9-43DF-9275-4CCECC40179C}
		{3965873F-98ED-4DF6-9FF4-668C6528DE2A} = {BAB9268B-0CF9-43DF-9275-4CCECC40179C}
		{50D0EDAB-6BD3-4B70-960A-A94598438BF7} = {3534F314-74B2-4E23-BEE3-CBC1F041DE1D}
		{A783EBE5-0D6A-47F4-B971-B4FE84D43AB6} = {3534F314-74B2-4E23-BEE3-CBC1F041DE1D}
		{791D5FBA-E15B-4040-9BD9-C963EBFD5D77} = {3534F314-74B2-4E23-BEE3-CBC1F041DE1D}
		{8AF30262-23A6-4D30-B798-313B9073E574} = {3534F314-74B2-4E23-BEE3-CBC1F041DE1D}
		{3B2B0EEF-6CBE-45E2-8D54-51E348F25011} = {8AF30262-23A6-4D30-B798-313B9073E574}
		{77F33D05-B415-40AA-BF03-268DE8B266BE} = {BAB9268B-0CF9-43DF-9275-4CCECC40179C}
		{EC32D736-C3F0-4E65-A998-15499961E58B} = {BAB9268B-0CF9-43DF-9275-4CCECC40179C}
		{0D4C6BB0-1927-418B-A12B-F6BA4252A4AB} = {BAB9268B-0CF9-43DF-9275-4CCECC40179C}
		{63020224-BCEF-4CB9-9DB0-6CDE7C2A5E18} = {BAB9268B-0CF9-43DF-9275-4CCECC40179C}
		{8B2D7DC2-FE1A-4F0D-936A-4CD35BDB5DE9} = {8AF30262-23A6-4D30-B798-313B9073E574}
		{A8314B9B-0A89-45BD-AFDE-D343AF60CB01} = {8AF30262-23A6-4D30-B798-313B9073E574}
	EndGlobalSection
	GlobalSection(ExtensibilityGlobals) = postSolution
		SolutionGuid = {0A4B1F28-B66C-4C39-B941-ED1CB0C41BBC}
	EndGlobalSection
EndGlobal
